<?xml version="1.0" encoding="utf-8"?>
<Project ToolsVersion="4.0" xmlns="http://schemas.microsoft.com/developer/msbuild/2003">
  <ItemGroup>
    <Filter Include="Source Files">
      <UniqueIdentifier>{4FC737F1-C7A5-4376-A066-2A32D752A2FF}</UniqueIdentifier>
      <Extensions>cpp;c;cc;cxx;def;odl;idl;hpj;bat;asm;asmx</Extensions>
    </Filter>
    <Filter Include="Header Files">
      <UniqueIdentifier>{93995380-89BD-4b04-88EB-625FBE52EBFB}</UniqueIdentifier>
      <Extensions>h;hpp;hxx;hm;inl;inc;xsd</Extensions>
    </Filter>
    <Filter Include="Resource Files">
      <UniqueIdentifier>{67DA6AB6-F800-4c08-8B7A-83BB121AAD01}</UniqueIdentifier>
      <Extensions>rc;ico;cur;bmp;dlg;rc2;rct;bin;rgs;gif;jpg;jpeg;jpe;resx;tiff;tif;png;wav;mfcribbon-ms</Extensions>
    </Filter>
  </ItemGroup>
  <ItemGroup>
    <None Include="ReadMe.txt" />
    <None Include="TrainWorld.reg" />
    <None Include="UserImages.bmp">
      <Filter>Resource Files</Filter>
    </None>
    <None Include="res\TrainWorld.rc2">
      <Filter>Resource Files</Filter>
    </None>
    <None Include="res\TrainWorldDoc.ico">
      <Filter>Resource Files</Filter>
    </None>
    <None Include="res\TrainWorld.ico">
      <Filter>Resource Files</Filter>
    </None>
    <None Include="res\Toolbar.bmp">
      <Filter>Resource Files</Filter>
    </None>
    <None Include="res\Toolbar256.bmp">
      <Filter>Resource Files</Filter>
    </None>
    <None Include="ClassDiagram11.cd" />
    <None Include="res\ToolbarEdit256.bmp">
      <Filter>Resource Files</Filter>
    </None>
    <None Include="res\ToolbarCntr256.bmp">
      <Filter>Resource Files</Filter>
    </None>
    <None Include="ClassDiagram12.cd" />
    <None Include="ClassDiagram13.cd" />
    <None Include="res\TrainWorldNew.ico">
      <Filter>Resource Files</Filter>
    </None>
    <None Include="res\ToolbarRun256.bmp">
      <Filter>Resource Files</Filter>
    </None>
    <None Include="res\Tram_3Z.ico">
      <Filter>Resource Files</Filter>
    </None>
    <None Include="res\Tram_2S.ico">
      <Filter>Resource Files</Filter>
    </None>
    <None Include="res\Tram_3S.ico">
      <Filter>Resource Files</Filter>
    </None>
    <None Include="res\Tram_3ZS.ico">
      <Filter>Resource Files</Filter>
    </None>
    <None Include="res\Tram_KRK.ico">
      <Filter>Resource Files</Filter>
    </None>
    <None Include="res\Tram_P5.ico">
      <Filter>Resource Files</Filter>
    </None>
  </ItemGroup>
  <ItemGroup>
    <ClInclude Include="TrainWorld.h">
      <Filter>Header Files</Filter>
    </ClInclude>
    <ClInclude Include="stdafx.h">
      <Filter>Header Files</Filter>
    </ClInclude>
    <ClInclude Include="targetver.h">
      <Filter>Header Files</Filter>
    </ClInclude>
    <ClInclude Include="MainFrm.h">
      <Filter>Header Files</Filter>
    </ClInclude>
    <ClInclude Include="TrainWorldDoc.h">
      <Filter>Header Files</Filter>
    </ClInclude>
    <ClInclude Include="TrainWorldView.h">
      <Filter>Header Files</Filter>
    </ClInclude>
    <ClInclude Include="Resource.h">
      <Filter>Header Files</Filter>
    </ClInclude>
    <ClInclude Include="ViewContr.h">
      <Filter>Header Files</Filter>
    </ClInclude>
    <ClInclude Include="Debug.h">
      <Filter>Header Files</Filter>
    </ClInclude>
    <ClInclude Include="dibapi.h">
      <Filter>Header Files</Filter>
    </ClInclude>
    <ClInclude Include="BgrBmp.h">
      <Filter>Header Files</Filter>
    </ClInclude>
    <ClInclude Include="SystemValues.h">
      <Filter>Header Files</Filter>
    </ClInclude>
    <ClInclude Include="TrainObjects.h">
      <Filter>Header Files</Filter>
    </ClInclude>
    <ClInclude Include="StdTrainDef.h">
      <Filter>Header Files</Filter>
    </ClInclude>
    <ClInclude Include="DrawTmpObject.h">
      <Filter>Header Files</Filter>
    </ClInclude>
    <ClInclude Include="SwitchControl.h">
      <Filter>Header Files</Filter>
    </ClInclude>
    <ClInclude Include="SelTram.h">
      <Filter>Header Files</Filter>
    </ClInclude>
    <ClInclude Include="EditStop.h">
      <Filter>Header Files</Filter>
    </ClInclude>
    <ClInclude Include="SemControl.h">
      <Filter>Header Files</Filter>
    </ClInclude>
    <ClInclude Include="RailEdit.h">
      <Filter>Header Files</Filter>
    </ClInclude>
    <ClInclude Include="EnterID.h">
      <Filter>Header Files</Filter>
    </ClInclude>
    <ClInclude Include="TramsContr.h">
      <Filter>Header Files</Filter>
    </ClInclude>
    <ClInclude Include="RoutesRec.h">
      <Filter>Header Files</Filter>
    </ClInclude>
    <ClInclude Include="FlyByText.h">
      <Filter>Header Files</Filter>
    </ClInclude>
    <ClInclude Include="WinTextPop.h">
      <Filter>Header Files</Filter>
    </ClInclude>
    <ClInclude Include="Names.h">
      <Filter>Header Files</Filter>
    </ClInclude>
    <ClInclude Include="SystemSettings.h">
      <Filter>Header Files</Filter>
    </ClInclude>
    <ClInclude Include="FindStop.h">
      <Filter>Header Files</Filter>
    </ClInclude>
  </ItemGroup>
  <ItemGroup>
    <ClCompile Include="TrainWorld.cpp">
      <Filter>Source Files</Filter>
    </ClCompile>
    <ClCompile Include="stdafx.cpp">
      <Filter>Source Files</Filter>
    </ClCompile>
    <ClCompile Include="MainFrm.cpp">
      <Filter>Source Files</Filter>
    </ClCompile>
    <ClCompile Include="TrainWorldDoc.cpp">
      <Filter>Source Files</Filter>
    </ClCompile>
    <ClCompile Include="TrainWorldView.cpp">
      <Filter>Source Files</Filter>
    </ClCompile>
    <ClCompile Include="ViewContr.cpp">
      <Filter>Source Files</Filter>
    </ClCompile>
    <ClCompile Include="Debug.cpp">
      <Filter>Source Files</Filter>
    </ClCompile>
    <ClCompile Include="dibapi.cpp">
      <Filter>Source Files</Filter>
    </ClCompile>
    <ClCompile Include="DibInterface.cpp">
      <Filter>Source Files</Filter>
    </ClCompile>
    <ClCompile Include="Fundation.cpp">
      <Filter>Source Files</Filter>
    </ClCompile>
    <ClCompile Include="ComputeGA.cpp">
      <Filter>Source Files</Filter>
    </ClCompile>
    <ClCompile Include="Graphics.cpp">
      <Filter>Source Files</Filter>
    </ClCompile>
    <ClCompile Include="BgrBmp.cpp">
      <Filter>Source Files</Filter>
    </ClCompile>
    <ClCompile Include="ImageMgr.cpp">
      <Filter>Source Files</Filter>
    </ClCompile>
    <ClCompile Include="TrainObjects.cpp">
      <Filter>Source Files</Filter>
    </ClCompile>
    <ClCompile Include="DrawTmpObject.cpp">
      <Filter>Source Files</Filter>
    </ClCompile>
    <ClCompile Include="SwitchControl.cpp">
      <Filter>Source Files</Filter>
    </ClCompile>
    <ClCompile Include="SelTram.cpp">
      <Filter>Source Files</Filter>
    </ClCompile>
    <ClCompile Include="EditStop.cpp">
      <Filter>Source Files</Filter>
    </ClCompile>
    <ClCompile Include="SemControl.cpp">
      <Filter>Source Files</Filter>
    </ClCompile>
    <ClCompile Include="RailEdit.cpp">
      <Filter>Source Files</Filter>
    </ClCompile>
    <ClCompile Include="EnterID.cpp">
      <Filter>Source Files</Filter>
    </ClCompile>
    <ClCompile Include="TrainObjectsCol.cpp">
      <Filter>Source Files</Filter>
    </ClCompile>
    <ClCompile Include="TrainObjectsRails.cpp">
      <Filter>Source Files</Filter>
    </ClCompile>
    <ClCompile Include="TrainObjectsTrains.cpp">
      <Filter>Source Files</Filter>
    </ClCompile>
    <ClCompile Include="DebugGraphics.cpp">
      <Filter>Source Files</Filter>
    </ClCompile>
    <ClCompile Include="TramsContr.cpp">
      <Filter>Source Files</Filter>
    </ClCompile>
    <ClCompile Include="RoutesRec.cpp">
      <Filter>Source Files</Filter>
    </ClCompile>
    <ClCompile Include="FlyByText.cpp">
      <Filter>Source Files</Filter>
    </ClCompile>
    <ClCompile Include="WinTextPop.cpp">
      <Filter>Source Files</Filter>
    </ClCompile>
    <ClCompile Include="Names.cpp">
      <Filter>Source Files</Filter>
    </ClCompile>
    <ClCompile Include="SystemSettings.cpp">
      <Filter>Source Files</Filter>
    </ClCompile>
    <ClCompile Include="FindStop.cpp">
      <Filter>Source Files</Filter>
    </ClCompile>
  </ItemGroup>
  <ItemGroup>
    <ResourceCompile Include="TrainWorld.rc">
      <Filter>Resource Files</Filter>
    </ResourceCompile>
  </ItemGroup>
</Project>